
Microsoft Visual Studio Solution File, Format Version 12.00
# Visual Studio Version 16
VisualStudioVersion = 16.0.30523.141
MinimumVisualStudioVersion = 10.0.40219.1
Project("{FAE04EC0-301F-11D3-BF4B-00C04F79EFBC}") = "YouLessMonitor", "YouLessMonitor\YouLessMonitor.csproj", "{9B01F436-1096-4240-9D37-C9A1AB0B6D64}"
EndProject
Project("{FAE04EC0-301F-11D3-BF4B-00C04F79EFBC}") = "YouLessAPI", "YouLessAPI\YouLessAPI.csproj", "{D680DE00-BFFD-4D55-859E-DC53C7701FE4}"
EndProject
Global
	GlobalSection(SolutionConfigurationPlatforms) = preSolution
		Debug|Any CPU = Debug|Any CPU
		Release|Any CPU = Release|Any CPU
	EndGlobalSection
	GlobalSection(ProjectConfigurationPlatforms) = postSolution
		{9B01F436-1096-4240-9D37-C9A1AB0B6D64}.Debug|Any CPU.ActiveCfg = Debug|Any CPU
		{9B01F436-1096-4240-9D37-C9A1AB0B6D64}.Debug|Any CPU.Build.0 = Debug|Any CPU
		{9B01F436-1096-4240-9D37-C9A1AB0B6D64}.Release|Any CPU.ActiveCfg = Release|Any CPU
		{9B01F436-1096-4240-9D37-C9A1AB0B6D64}.Release|Any CPU.Build.0 = Release|Any CPU
		{D680DE00-BFFD-4D55-859E-DC53C7701FE4}.Debug|Any CPU.ActiveCfg = Debug|Any CPU
		{D680DE00-BFFD-4D55-859E-DC53C7701FE4}.Debug|Any CPU.Build.0 = Debug|Any CPU
		{D680DE00-BFFD-4D55-859E-DC53C7701FE4}.Release|Any CPU.ActiveCfg = Release|Any CPU
		{D680DE00-BFFD-4D55-859E-DC53C7701FE4}.Release|Any CPU.Build.0 = Release|Any CPU
	EndGlobalSection
	GlobalSection(SolutionProperties) = preSolution
		HideSolutionNode = FALSE
	EndGlobalSection
	GlobalSection(ExtensibilityGlobals) = postSolution
		SolutionGuid = {147BB97C-12EA-49B0-A323-26BEF646105B}
	EndGlobalSection
EndGlobal
